
Microsoft Visual Studio Solution File, Format Version 12.00
# Visual Studio Version 17
VisualStudioVersion = 17.13.35919.96 d17.13
MinimumVisualStudioVersion = 10.0.40219.1
Project("{FAE04EC0-301F-11D3-BF4B-00C04F79EFBC}") = "LAB1.2", "LAB1.2\LAB1.2.csproj", "{4523B4C0-2F6F-45E4-AC26-9BDEC95933FA}"
EndProject
Project("{FAE04EC0-301F-11D3-BF4B-00C04F79EFBC}") = "LAB1.1", "LAB1.1\LAB1.1.csproj", "{20B3A52A-51E4-45D4-AEF3-048F1666EF2D}"
EndProject
Global
	GlobalSection(SolutionConfigurationPlatforms) = preSolution
		Debug|Any CPU = Debug|Any CPU
		Release|Any CPU = Release|Any CPU
	EndGlobalSection
	GlobalSection(ProjectConfigurationPlatforms) = postSolution
		{4523B4C0-2F6F-45E4-AC26-9BDEC95933FA}.Debug|Any CPU.ActiveCfg = Debug|Any CPU
		{4523B4C0-2F6F-45E4-AC26-9BDEC95933FA}.Debug|Any CPU.Build.0 = Debug|Any CPU
		{4523B4C0-2F6F-45E4-AC26-9BDEC95933FA}.Release|Any CPU.ActiveCfg = Release|Any CPU
		{4523B4C0-2F6F-45E4-AC26-9BDEC95933FA}.Release|Any CPU.Build.0 = Release|Any CPU
		{20B3A52A-51E4-45D4-AEF3-048F1666EF2D}.Debug|Any CPU.ActiveCfg = Debug|Any CPU
		{20B3A52A-51E4-45D4-AEF3-048F1666EF2D}.Debug|Any CPU.Build.0 = Debug|Any CPU
		{20B3A52A-51E4-45D4-AEF3-048F1666EF2D}.Release|Any CPU.ActiveCfg = Release|Any CPU
		{20B3A52A-51E4-45D4-AEF3-048F1666EF2D}.Release|Any CPU.Build.0 = Release|Any CPU
	EndGlobalSection
	GlobalSection(SolutionProperties) = preSolution
		HideSolutionNode = FALSE
	EndGlobalSection
	GlobalSection(ExtensibilityGlobals) = postSolution
		SolutionGuid = {D6AB9FC0-1657-4561-B503-D24D21A288E6}
	EndGlobalSection
EndGlobal
